{
  "name": "package-r-tiff_parquet_support",
  "lockfileVersion": 3,
  "requires": true,
  "packages": {
    "": {
      "dependencies": {
        "openseadragon": "^5.0.1",
        "parquet-wasm": "^0.6.1"
      }
    },
    "node_modules/openseadragon": {
      "version": "5.0.1",
      "resolved": "https://registry.npmjs.org/openseadragon/-/openseadragon-5.0.1.tgz",
      "integrity": "sha512-a/hjouW9i3UfWxRADVYN2MyRhXMGnE7x9VVL7/4jXCcDLFyO4UM5o4RStYtqa5BfaHw/wMNAaD2WbxQF8f1pJg==",
      "license": "BSD-3-Clause",
      "funding": {
        "url": "https://opencollective.com/openseadragon"
      }
    },
    "node_modules/parquet-wasm": {
      "version": "0.6.1",
      "resolved": "https://registry.npmjs.org/parquet-wasm/-/parquet-wasm-0.6.1.tgz",
      "integrity": "sha512-wTM/9Y4EHny8i0qgcOlL9UHsTXftowwCqDsAD8axaZbHp0Opp3ue8oxexbzTVNhqBjFhyhLiU3MT0rnEYnYU0Q==",
      "license": "MIT OR Apache-2.0"
    }
  }
}
