lockfileVersion: '9.0'

settings:
  autoInstallPeers: true
  excludeLinksFromLockfile: false

importers:

  .:
    dependencies:
      openseadragon:
        specifier: ^5.0.1
        version: 5.0.1
      parquet-wasm:
        specifier: ^0.6.1
        version: 0.6.1

packages:

  openseadragon@5.0.1:
    resolution: {integrity: sha512-a/hjouW9i3UfWxRADVYN2MyRhXMGnE7x9VVL7/4jXCcDLFyO4UM5o4RStYtqa5BfaHw/wMNAaD2WbxQF8f1pJg==}

  parquet-wasm@0.6.1:
    resolution: {integrity: sha512-wTM/9Y4EHny8i0qgcOlL9UHsTXftowwCqDsAD8axaZbHp0Opp3ue8oxexbzTVNhqBjFhyhLiU3MT0rnEYnYU0Q==}

snapshots:

  openseadragon@5.0.1: {}

  parquet-wasm@0.6.1: {}
